// !$*UTF8*$!
{
	archiveVersion = 1;
	classes = {
	};
	objectVersion = 50;
	objects = {

/* Begin PBXBuildFile section */
		7A4E4DFE24DB1A08000D3C39 /* ClassicaApp.swift in Sources */ = {isa = PBXBuildFile; fileRef = 7A4E4DFD24DB1A08000D3C39 /* ClassicaApp.swift */; };
		7A4E4E0024DB1A08000D3C39 /* ContentView.swift in Sources */ = {isa = PBXBuildFile; fileRef = 7A4E4DFF24DB1A08000D3C39 /* ContentView.swift */; };
		7A4E4E0224DB1A0A000D3C39 /* Assets.xcassets in Resources */ = {isa = PBXBuildFile; fileRef = 7A4E4E0124DB1A0A000D3C39 /* Assets.xcassets */; };
		7A4E4E0524DB1A0A000D3C39 /* Preview Assets.xcassets in Resources */ = {isa = PBXBuildFile; fileRef = 7A4E4E0424DB1A0A000D3C39 /* Preview Assets.xcassets */; };
		7A4E4E0F24DB1AB7000D3C39 /* SongCard.swift in Sources */ = {isa = PBXBuildFile; fileRef = 7A4E4E0E24DB1AB7000D3C39 /* SongCard.swift */; };
		7A4E4E1124DB1AE7000D3C39 /* SongInfo.swift in Sources */ = {isa = PBXBuildFile; fileRef = 7A4E4E1024DB1AE7000D3C39 /* SongInfo.swift */; };
		7A4E4E1A24DB1FE9000D3C39 /* Waltz of the Flowers.mp3 in Resources */ = {isa = PBXBuildFile; fileRef = 7A4E4E1724DB1FE9000D3C39 /* Waltz of the Flowers.mp3 */; };
		7A4E4E1B24DB1FE9000D3C39 /* 9th Symphony (Finale).mp3 in Resources */ = {isa = PBXBuildFile; fileRef = 7A4E4E1824DB1FE9000D3C39 /* 9th Symphony (Finale).mp3 */; };
		7A4E4E1C24DB1FE9000D3C39 /* 1812 Overture.mp3 in Resources */ = {isa = PBXBuildFile; fileRef = 7A4E4E1924DB1FE9000D3C39 /* 1812 Overture.mp3 */; };
		7A4E4E1E24DB2076000D3C39 /* Ride of the Valkyries.mp3 in Resources */ = {isa = PBXBuildFile; fileRef = 7A4E4E1D24DB2076000D3C39 /* Ride of the Valkyries.mp3 */; };
		7A4E4E2024DB22A2000D3C39 /* ClassicaModel.swift in Sources */ = {isa = PBXBuildFile; fileRef = 7A4E4E1F24DB22A2000D3C39 /* ClassicaModel.swift */; };
		7A4E4E3124DB71D3000D3C39 /* ScaleButtonStyle.swift in Sources */ = {isa = PBXBuildFile; fileRef = 7A4E4E3024DB71D3000D3C39 /* ScaleButtonStyle.swift */; };
/* End PBXBuildFile section */

/* Begin PBXFileReference section */
		7A4E4DFA24DB1A08000D3C39 /* Classica.app */ = {isa = PBXFileReference; explicitFileType = wrapper.application; includeInIndex = 0; path = Classica.app; sourceTree = BUILT_PRODUCTS_DIR; };
		7A4E4DFD24DB1A08000D3C39 /* ClassicaApp.swift */ = {isa = PBXFileReference; lastKnownFileType = sourcecode.swift; path = ClassicaApp.swift; sourceTree = "<group>"; };
		7A4E4DFF24DB1A08000D3C39 /* ContentView.swift */ = {isa = PBXFileReference; lastKnownFileType = sourcecode.swift; path = ContentView.swift; sourceTree = "<group>"; };
		7A4E4E0124DB1A0A000D3C39 /* Assets.xcassets */ = {isa = PBXFileReference; lastKnownFileType = folder.assetcatalog; path = Assets.xcassets; sourceTree = "<group>"; };
		7A4E4E0424DB1A0A000D3C39 /* Preview Assets.xcassets */ = {isa = PBXFileReference; lastKnownFileType = folder.assetcatalog; path = "Preview Assets.xcassets"; sourceTree = "<group>"; };
		7A4E4E0624DB1A0A000D3C39 /* Info.plist */ = {isa = PBXFileReference; lastKnownFileType = text.plist.xml; path = Info.plist; sourceTree = "<group>"; };
		7A4E4E0E24DB1AB7000D3C39 /* SongCard.swift */ = {isa = PBXFileReference; lastKnownFileType = sourcecode.swift; path = SongCard.swift; sourceTree = "<group>"; };
		7A4E4E1024DB1AE7000D3C39 /* SongInfo.swift */ = {isa = PBXFileReference; lastKnownFileType = sourcecode.swift; path = SongInfo.swift; sourceTree = "<group>"; };
		7A4E4E1724DB1FE9000D3C39 /* Waltz of the Flowers.mp3 */ = {isa = PBXFileReference; lastKnownFileType = audio.mp3; path = "Waltz of the Flowers.mp3"; sourceTree = "<group>"; };
		7A4E4E1824DB1FE9000D3C39 /* 9th Symphony (Finale).mp3 */ = {isa = PBXFileReference; lastKnownFileType = audio.mp3; path = "9th Symphony (Finale).mp3"; sourceTree = "<group>"; };
		7A4E4E1924DB1FE9000D3C39 /* 1812 Overture.mp3 */ = {isa = PBXFileReference; lastKnownFileType = audio.mp3; path = "1812 Overture.mp3"; sourceTree = "<group>"; };
		7A4E4E1D24DB2076000D3C39 /* Ride of the Valkyries.mp3 */ = {isa = PBXFileReference; lastKnownFileType = audio.mp3; path = "Ride of the Valkyries.mp3"; sourceTree = "<group>"; };
		7A4E4E1F24DB22A2000D3C39 /* ClassicaModel.swift */ = {isa = PBXFileReference; lastKnownFileType = sourcecode.swift; path = ClassicaModel.swift; sourceTree = "<group>"; };
		7A4E4E3024DB71D3000D3C39 /* ScaleButtonStyle.swift */ = {isa = PBXFileReference; lastKnownFileType = sourcecode.swift; path = ScaleButtonStyle.swift; sourceTree = "<group>"; };
/* End PBXFileReference section */

/* Begin PBXFrameworksBuildPhase section */
		7A4E4DF724DB1A08000D3C39 /* Frameworks */ = {
			isa = PBXFrameworksBuildPhase;
			buildActionMask = 2147483647;
			files = (
			);
			runOnlyForDeploymentPostprocessing = 0;
		};
/* End PBXFrameworksBuildPhase section */

/* Begin PBXGroup section */
		7A4E4DF124DB1A08000D3C39 = {
			isa = PBXGroup;
			children = (
				7A4E4DFC24DB1A08000D3C39 /* Classica */,
				7A4E4DFB24DB1A08000D3C39 /* Products */,
			);
			sourceTree = "<group>";
		};
		7A4E4DFB24DB1A08000D3C39 /* Products */ = {
			isa = PBXGroup;
			children = (
				7A4E4DFA24DB1A08000D3C39 /* Classica.app */,
			);
			name = Products;
			sourceTree = "<group>";
		};
		7A4E4DFC24DB1A08000D3C39 /* Classica */ = {
			isa = PBXGroup;
			children = (
				7A4E4DFD24DB1A08000D3C39 /* ClassicaApp.swift */,
				7A4E4E0C24DB1A69000D3C39 /* Models */,
				7A4E4E0D24DB1A6D000D3C39 /* Views */,
				7A4E4E2F24DB71AC000D3C39 /* Styles */,
				7A4E4E1624DB1FAB000D3C39 /* Songs */,
				7A4E4E0124DB1A0A000D3C39 /* Assets.xcassets */,
				7A4E4E0624DB1A0A000D3C39 /* Info.plist */,
				7A4E4E0324DB1A0A000D3C39 /* Preview Content */,
			);
			path = Classica;
			sourceTree = "<group>";
		};
		7A4E4E0324DB1A0A000D3C39 /* Preview Content */ = {
			isa = PBXGroup;
			children = (
				7A4E4E0424DB1A0A000D3C39 /* Preview Assets.xcassets */,
			);
			path = "Preview Content";
			sourceTree = "<group>";
		};
		7A4E4E0C24DB1A69000D3C39 /* Models */ = {
			isa = PBXGroup;
			children = (
				7A4E4E1F24DB22A2000D3C39 /* ClassicaModel.swift */,
			);
			path = Models;
			sourceTree = "<group>";
		};
		7A4E4E0D24DB1A6D000D3C39 /* Views */ = {
			isa = PBXGroup;
			children = (
				7A4E4DFF24DB1A08000D3C39 /* ContentView.swift */,
				7A4E4E0E24DB1AB7000D3C39 /* SongCard.swift */,
				7A4E4E1024DB1AE7000D3C39 /* SongInfo.swift */,
			);
			path = Views;
			sourceTree = "<group>";
		};
		7A4E4E1624DB1FAB000D3C39 /* Songs */ = {
			isa = PBXGroup;
			children = (
				7A4E4E1824DB1FE9000D3C39 /* 9th Symphony (Finale).mp3 */,
				7A4E4E1924DB1FE9000D3C39 /* 1812 Overture.mp3 */,
				7A4E4E1D24DB2076000D3C39 /* Ride of the Valkyries.mp3 */,
				7A4E4E1724DB1FE9000D3C39 /* Waltz of the Flowers.mp3 */,
			);
			path = Songs;
			sourceTree = "<group>";
		};
		7A4E4E2F24DB71AC000D3C39 /* Styles */ = {
			isa = PBXGroup;
			children = (
				7A4E4E3024DB71D3000D3C39 /* ScaleButtonStyle.swift */,
			);
			path = Styles;
			sourceTree = "<group>";
		};
/* End PBXGroup section */

/* Begin PBXNativeTarget section */
		7A4E4DF924DB1A08000D3C39 /* Classica */ = {
			isa = PBXNativeTarget;
			buildConfigurationList = 7A4E4E0924DB1A0A000D3C39 /* Build configuration list for PBXNativeTarget "Classica" */;
			buildPhases = (
				7A4E4DF624DB1A08000D3C39 /* Sources */,
				7A4E4DF724DB1A08000D3C39 /* Frameworks */,
				7A4E4DF824DB1A08000D3C39 /* Resources */,
			);
			buildRules = (
			);
			dependencies = (
			);
			name = Classica;
			productName = Classica;
			productReference = 7A4E4DFA24DB1A08000D3C39 /* Classica.app */;
			productType = "com.apple.product-type.application";
		};
/* End PBXNativeTarget section */

/* Begin PBXProject section */
		7A4E4DF224DB1A08000D3C39 /* Project object */ = {
			isa = PBXProject;
			attributes = {
				LastSwiftUpdateCheck = 1200;
				LastUpgradeCheck = 1200;
				TargetAttributes = {
					7A4E4DF924DB1A08000D3C39 = {
						CreatedOnToolsVersion = 12.0;
					};
				};
			};
			buildConfigurationList = 7A4E4DF524DB1A08000D3C39 /* Build configuration list for PBXProject "Classica" */;
			compatibilityVersion = "Xcode 9.3";
			developmentRegion = en;
			hasScannedForEncodings = 0;
			knownRegions = (
				en,
				Base,
			);
			mainGroup = 7A4E4DF124DB1A08000D3C39;
			productRefGroup = 7A4E4DFB24DB1A08000D3C39 /* Products */;
			projectDirPath = "";
			projectRoot = "";
			targets = (
				7A4E4DF924DB1A08000D3C39 /* Classica */,
			);
		};
/* End PBXProject section */

/* Begin PBXResourcesBuildPhase section */
		7A4E4DF824DB1A08000D3C39 /* Resources */ = {
			isa = PBXResourcesBuildPhase;
			buildActionMask = 2147483647;
			files = (
				7A4E4E1B24DB1FE9000D3C39 /* 9th Symphony (Finale).mp3 in Resources */,
				7A4E4E0524DB1A0A000D3C39 /* Preview Assets.xcassets in Resources */,
				7A4E4E1A24DB1FE9000D3C39 /* Waltz of the Flowers.mp3 in Resources */,
				7A4E4E0224DB1A0A000D3C39 /* Assets.xcassets in Resources */,
				7A4E4E1C24DB1FE9000D3C39 /* 1812 Overture.mp3 in Resources */,
				7A4E4E1E24DB2076000D3C39 /* Ride of the Valkyries.mp3 in Resources */,
			);
			runOnlyForDeploymentPostprocessing = 0;
		};
/* End PBXResourcesBuildPhase section */

/* Begin PBXSourcesBuildPhase section */
		7A4E4DF624DB1A08000D3C39 /* Sources */ = {
			isa = PBXSourcesBuildPhase;
			buildActionMask = 2147483647;
			files = (
				7A4E4E3124DB71D3000D3C39 /* ScaleButtonStyle.swift in Sources */,
				7A4E4E1124DB1AE7000D3C39 /* SongInfo.swift in Sources */,
				7A4E4E2024DB22A2000D3C39 /* ClassicaModel.swift in Sources */,
				7A4E4E0F24DB1AB7000D3C39 /* SongCard.swift in Sources */,
				7A4E4E0024DB1A08000D3C39 /* ContentView.swift in Sources */,
				7A4E4DFE24DB1A08000D3C39 /* ClassicaApp.swift in Sources */,
			);
			runOnlyForDeploymentPostprocessing = 0;
		};
/* End PBXSourcesBuildPhase section */

/* Begin XCBuildConfiguration section */
		7A4E4E0724DB1A0A000D3C39 /* Debug */ = {
			isa = XCBuildConfiguration;
			buildSettings = {
				ALWAYS_SEARCH_USER_PATHS = NO;
				CLANG_ANALYZER_NONNULL = YES;
				CLANG_ANALYZER_NUMBER_OBJECT_CONVERSION = YES_AGGRESSIVE;
				CLANG_CXX_LANGUAGE_STANDARD = "gnu++14";
				CLANG_CXX_LIBRARY = "libc++";
				CLANG_ENABLE_MODULES = YES;
				CLANG_ENABLE_OBJC_ARC = YES;
				CLANG_ENABLE_OBJC_WEAK = YES;
				CLANG_WARN_BLOCK_CAPTURE_AUTORELEASING = YES;
				CLANG_WARN_BOOL_CONVERSION = YES;
				CLANG_WARN_COMMA = YES;
				CLANG_WARN_CONSTANT_CONVERSION = YES;
				CLANG_WARN_DEPRECATED_OBJC_IMPLEMENTATIONS = YES;
				CLANG_WARN_DIRECT_OBJC_ISA_USAGE = YES_ERROR;
				CLANG_WARN_DOCUMENTATION_COMMENTS = YES;
				CLANG_WARN_EMPTY_BODY = YES;
				CLANG_WARN_ENUM_CONVERSION = YES;
				CLANG_WARN_INFINITE_RECURSION = YES;
				CLANG_WARN_INT_CONVERSION = YES;
				CLANG_WARN_NON_LITERAL_NULL_CONVERSION = YES;
				CLANG_WARN_OBJC_IMPLICIT_RETAIN_SELF = YES;
				CLANG_WARN_OBJC_LITERAL_CONVERSION = YES;
				CLANG_WARN_OBJC_ROOT_CLASS = YES_ERROR;
				CLANG_WARN_QUOTED_INCLUDE_IN_FRAMEWORK_HEADER = YES;
				CLANG_WARN_RANGE_LOOP_ANALYSIS = YES;
				CLANG_WARN_STRICT_PROTOTYPES = YES;
				CLANG_WARN_SUSPICIOUS_MOVE = YES;
				CLANG_WARN_UNGUARDED_AVAILABILITY = YES_AGGRESSIVE;
				CLANG_WARN_UNREACHABLE_CODE = YES;
				CLANG_WARN__DUPLICATE_METHOD_MATCH = YES;
				COPY_PHASE_STRIP = NO;
				DEBUG_INFORMATION_FORMAT = dwarf;
				ENABLE_STRICT_OBJC_MSGSEND = YES;
				ENABLE_TESTABILITY = YES;
				GCC_C_LANGUAGE_STANDARD = gnu11;
				GCC_DYNAMIC_NO_PIC = NO;
				GCC_NO_COMMON_BLOCKS = YES;
				GCC_OPTIMIZATION_LEVEL = 0;
				GCC_PREPROCESSOR_DEFINITIONS = (
					"DEBUG=1",
					"$(inherited)",
				);
				GCC_WARN_64_TO_32_BIT_CONVERSION = YES;
				GCC_WARN_ABOUT_RETURN_TYPE = YES_ERROR;
				GCC_WARN_UNDECLARED_SELECTOR = YES;
				GCC_WARN_UNINITIALIZED_AUTOS = YES_AGGRESSIVE;
				GCC_WARN_UNUSED_FUNCTION = YES;
				GCC_WARN_UNUSED_VARIABLE = YES;
				IPHONEOS_DEPLOYMENT_TARGET = 14.0;
				MTL_ENABLE_DEBUG_INFO = INCLUDE_SOURCE;
				MTL_FAST_MATH = YES;
				ONLY_ACTIVE_ARCH = YES;
				SDKROOT = iphoneos;
				SWIFT_ACTIVE_COMPILATION_CONDITIONS = DEBUG;
				SWIFT_OPTIMIZATION_LEVEL = "-Onone";
			};
			name = Debug;
		};
		7A4E4E0824DB1A0A000D3C39 /* Release */ = {
			isa = XCBuildConfiguration;
			buildSettings = {
				ALWAYS_SEARCH_USER_PATHS = NO;
				CLANG_ANALYZER_NONNULL = YES;
				CLANG_ANALYZER_NUMBER_OBJECT_CONVERSION = YES_AGGRESSIVE;
				CLANG_CXX_LANGUAGE_STANDARD = "gnu++14";
				CLANG_CXX_LIBRARY = "libc++";
				CLANG_ENABLE_MODULES = YES;
				CLANG_ENABLE_OBJC_ARC = YES;
				CLANG_ENABLE_OBJC_WEAK = YES;
				CLANG_WARN_BLOCK_CAPTURE_AUTORELEASING = YES;
				CLANG_WARN_BOOL_CONVERSION = YES;
				CLANG_WARN_COMMA = YES;
				CLANG_WARN_CONSTANT_CONVERSION = YES;
				CLANG_WARN_DEPRECATED_OBJC_IMPLEMENTATIONS = YES;
				CLANG_WARN_DIRECT_OBJC_ISA_USAGE = YES_ERROR;
				CLANG_WARN_DOCUMENTATION_COMMENTS = YES;
				CLANG_WARN_EMPTY_BODY = YES;
				CLANG_WARN_ENUM_CONVERSION = YES;
				CLANG_WARN_INFINITE_RECURSION = YES;
				CLANG_WARN_INT_CONVERSION = YES;
				CLANG_WARN_NON_LITERAL_NULL_CONVERSION = YES;
				CLANG_WARN_OBJC_IMPLICIT_RETAIN_SELF = YES;
				CLANG_WARN_OBJC_LITERAL_CONVERSION = YES;
				CLANG_WARN_OBJC_ROOT_CLASS = YES_ERROR;
				CLANG_WARN_QUOTED_INCLUDE_IN_FRAMEWORK_HEADER = YES;
				CLANG_WARN_RANGE_LOOP_ANALYSIS = YES;
				CLANG_WARN_STRICT_PROTOTYPES = YES;
				CLANG_WARN_SUSPICIOUS_MOVE = YES;
				CLANG_WARN_UNGUARDED_AVAILABILITY = YES_AGGRESSIVE;
				CLANG_WARN_UNREACHABLE_CODE = YES;
				CLANG_WARN__DUPLICATE_METHOD_MATCH = YES;
				COPY_PHASE_STRIP = NO;
				DEBUG_INFORMATION_FORMAT = "dwarf-with-dsym";
				ENABLE_NS_ASSERTIONS = NO;
				ENABLE_STRICT_OBJC_MSGSEND = YES;
				GCC_C_LANGUAGE_STANDARD = gnu11;
				GCC_NO_COMMON_BLOCKS = YES;
				GCC_WARN_64_TO_32_BIT_CONVERSION = YES;
				GCC_WARN_ABOUT_RETURN_TYPE = YES_ERROR;
				GCC_WARN_UNDECLARED_SELECTOR = YES;
				GCC_WARN_UNINITIALIZED_AUTOS = YES_AGGRESSIVE;
				GCC_WARN_UNUSED_FUNCTION = YES;
				GCC_WARN_UNUSED_VARIABLE = YES;
				IPHONEOS_DEPLOYMENT_TARGET = 14.0;
				MTL_ENABLE_DEBUG_INFO = NO;
				MTL_FAST_MATH = YES;
				SDKROOT = iphoneos;
				SWIFT_COMPILATION_MODE = wholemodule;
				SWIFT_OPTIMIZATION_LEVEL = "-O";
				VALIDATE_PRODUCT = YES;
			};
			name = Release;
		};
		7A4E4E0A24DB1A0A000D3C39 /* Debug */ = {
			isa = XCBuildConfiguration;
			buildSettings = {
				ASSETCATALOG_COMPILER_APPICON_NAME = AppIcon;
				ASSETCATALOG_COMPILER_GLOBAL_ACCENT_COLOR_NAME = AccentColor;
				CODE_SIGN_STYLE = Automatic;
				DEVELOPMENT_ASSET_PATHS = "\"Classica/Preview Content\"";
				DEVELOPMENT_TEAM = 48L2KRCZH4;
				ENABLE_PREVIEWS = YES;
				INFOPLIST_FILE = Classica/Info.plist;
				IPHONEOS_DEPLOYMENT_TARGET = 14.0;
				LD_RUNPATH_SEARCH_PATHS = (
					"$(inherited)",
					"@executable_path/Frameworks",
				);
				PRODUCT_BUNDLE_IDENTIFIER = me.paoyu.Classica;
				PRODUCT_NAME = "$(TARGET_NAME)";
				SWIFT_VERSION = 5.0;
				TARGETED_DEVICE_FAMILY = "1,2";
			};
			name = Debug;
		};
		7A4E4E0B24DB1A0A000D3C39 /* Release */ = {
			isa = XCBuildConfiguration;
			buildSettings = {
				ASSETCATALOG_COMPILER_APPICON_NAME = AppIcon;
				ASSETCATALOG_COMPILER_GLOBAL_ACCENT_COLOR_NAME = AccentColor;
				CODE_SIGN_STYLE = Automatic;
				DEVELOPMENT_ASSET_PATHS = "\"Classica/Preview Content\"";
				DEVELOPMENT_TEAM = 48L2KRCZH4;
				ENABLE_PREVIEWS = YES;
				INFOPLIST_FILE = Classica/Info.plist;
				IPHONEOS_DEPLOYMENT_TARGET = 14.0;
				LD_RUNPATH_SEARCH_PATHS = (
					"$(inherited)",
					"@executable_path/Frameworks",
				);
				PRODUCT_BUNDLE_IDENTIFIER = me.paoyu.Classica;
				PRODUCT_NAME = "$(TARGET_NAME)";
				SWIFT_VERSION = 5.0;
				TARGETED_DEVICE_FAMILY = "1,2";
			};
			name = Release;
		};
/* End XCBuildConfiguration section */

/* Begin XCConfigurationList section */
		7A4E4DF524DB1A08000D3C39 /* Build configuration list for PBXProject "Classica" */ = {
			isa = XCConfigurationList;
			buildConfigurations = (
				7A4E4E0724DB1A0A000D3C39 /* Debug */,
				7A4E4E0824DB1A0A000D3C39 /* Release */,
			);
			defaultConfigurationIsVisible = 0;
			defaultConfigurationName = Release;
		};
		7A4E4E0924DB1A0A000D3C39 /* Build configuration list for PBXNativeTarget "Classica" */ = {
			isa = XCConfigurationList;
			buildConfigurations = (
				7A4E4E0A24DB1A0A000D3C39 /* Debug */,
				7A4E4E0B24DB1A0A000D3C39 /* Release */,
			);
			defaultConfigurationIsVisible = 0;
			defaultConfigurationName = Release;
		};
/* End XCConfigurationList section */
	};
	rootObject = 7A4E4DF224DB1A08000D3C39 /* Project object */;
}
